
Microsoft Visual Studio Solution File, Format Version 12.00
Project("{FAE04EC0-301F-11D3-BF4B-00C04F79EFBC}") = "ArraySortProgram", "ArraySortProgram\ArraySortProgram.csproj", "{22F6E0D0-BB46-4C76-8CAF-9D50BF0DACFF}"
EndProject
Global
	GlobalSection(SolutionConfigurationPlatforms) = preSolution
		Debug|Any CPU = Debug|Any CPU
		Release|Any CPU = Release|Any CPU
	EndGlobalSection
	GlobalSection(ProjectConfigurationPlatforms) = postSolution
		{22F6E0D0-BB46-4C76-8CAF-9D50BF0DACFF}.Debug|Any CPU.ActiveCfg = Debug|Any CPU
		{22F6E0D0-BB46-4C76-8CAF-9D50BF0DACFF}.Debug|Any CPU.Build.0 = Debug|Any CPU
		{22F6E0D0-BB46-4C76-8CAF-9D50BF0DACFF}.Release|Any CPU.ActiveCfg = Release|Any CPU
		{22F6E0D0-BB46-4C76-8CAF-9D50BF0DACFF}.Release|Any CPU.Build.0 = Release|Any CPU
	EndGlobalSection
EndGlobal
