
Microsoft Visual Studio Solution File, Format Version 12.00
Project("{FAE04EC0-301F-11D3-BF4B-00C04F79EFBC}") = "ArithmeticOperations", "ArithmeticOperations\ArithmeticOperations.csproj", "{7A3C68D9-38E8-42DD-B6C8-4891A0C03550}"
EndProject
Global
	GlobalSection(SolutionConfigurationPlatforms) = preSolution
		Debug|Any CPU = Debug|Any CPU
		Release|Any CPU = Release|Any CPU
	EndGlobalSection
	GlobalSection(ProjectConfigurationPlatforms) = postSolution
		{7A3C68D9-38E8-42DD-B6C8-4891A0C03550}.Debug|Any CPU.ActiveCfg = Debug|Any CPU
		{7A3C68D9-38E8-42DD-B6C8-4891A0C03550}.Debug|Any CPU.Build.0 = Debug|Any CPU
		{7A3C68D9-38E8-42DD-B6C8-4891A0C03550}.Release|Any CPU.ActiveCfg = Release|Any CPU
		{7A3C68D9-38E8-42DD-B6C8-4891A0C03550}.Release|Any CPU.Build.0 = Release|Any CPU
	EndGlobalSection
EndGlobal
