
Microsoft Visual Studio Solution File, Format Version 12.00
Project("{FAE04EC0-301F-11D3-BF4B-00C04F79EFBC}") = "Structures", "Structures\Structures.csproj", "{1746451F-8F00-4A67-8309-A859D97AA7CB}"
EndProject
Global
	GlobalSection(SolutionConfigurationPlatforms) = preSolution
		Debug|Any CPU = Debug|Any CPU
		Release|Any CPU = Release|Any CPU
	EndGlobalSection
	GlobalSection(ProjectConfigurationPlatforms) = postSolution
		{1746451F-8F00-4A67-8309-A859D97AA7CB}.Debug|Any CPU.ActiveCfg = Debug|Any CPU
		{1746451F-8F00-4A67-8309-A859D97AA7CB}.Debug|Any CPU.Build.0 = Debug|Any CPU
		{1746451F-8F00-4A67-8309-A859D97AA7CB}.Release|Any CPU.ActiveCfg = Release|Any CPU
		{1746451F-8F00-4A67-8309-A859D97AA7CB}.Release|Any CPU.Build.0 = Release|Any CPU
	EndGlobalSection
EndGlobal
