
Microsoft Visual Studio Solution File, Format Version 12.00
Project("{FAE04EC0-301F-11D3-BF4B-00C04F79EFBC}") = "Arrays", "Arrays\Arrays.csproj", "{5D9A8297-5998-4082-B340-3AFABD146816}"
EndProject
Global
	GlobalSection(SolutionConfigurationPlatforms) = preSolution
		Debug|Any CPU = Debug|Any CPU
		Release|Any CPU = Release|Any CPU
	EndGlobalSection
	GlobalSection(ProjectConfigurationPlatforms) = postSolution
		{5D9A8297-5998-4082-B340-3AFABD146816}.Debug|Any CPU.ActiveCfg = Debug|Any CPU
		{5D9A8297-5998-4082-B340-3AFABD146816}.Debug|Any CPU.Build.0 = Debug|Any CPU
		{5D9A8297-5998-4082-B340-3AFABD146816}.Release|Any CPU.ActiveCfg = Release|Any CPU
		{5D9A8297-5998-4082-B340-3AFABD146816}.Release|Any CPU.Build.0 = Release|Any CPU
	EndGlobalSection
EndGlobal
