
Microsoft Visual Studio Solution File, Format Version 12.00
Project("{FAE04EC0-301F-11D3-BF4B-00C04F79EFBC}") = "DelegateCovarianceAndContravariance", "DelegateCovarianceAndContravariance\DelegateCovarianceAndContravariance.csproj", "{F871B8D5-E19F-42BB-BC78-74BD24DDC2AA}"
EndProject
Global
	GlobalSection(SolutionConfigurationPlatforms) = preSolution
		Debug|Any CPU = Debug|Any CPU
		Release|Any CPU = Release|Any CPU
	EndGlobalSection
	GlobalSection(ProjectConfigurationPlatforms) = postSolution
		{F871B8D5-E19F-42BB-BC78-74BD24DDC2AA}.Debug|Any CPU.ActiveCfg = Debug|Any CPU
		{F871B8D5-E19F-42BB-BC78-74BD24DDC2AA}.Debug|Any CPU.Build.0 = Debug|Any CPU
		{F871B8D5-E19F-42BB-BC78-74BD24DDC2AA}.Release|Any CPU.ActiveCfg = Release|Any CPU
		{F871B8D5-E19F-42BB-BC78-74BD24DDC2AA}.Release|Any CPU.Build.0 = Release|Any CPU
	EndGlobalSection
EndGlobal
